<Solution>
  <Folder Name="/docs/">
    <File Path="docs/emitting-attributes.md" />
    <File Path="docs/emitting-other-abstractions.md" />
    <File Path="docs/equatable-array.md" />
    <File Path="docs/formatted-string-builder.md" />
    <File Path="docs/getting-started.md" />
    <File Path="docs/introduction.md" />
    <File Path="docs/is-type-checks.md" />
    <File Path="docs/shipping-in-netcore.md" />
  </Folder>
  <Folder Name="/samples/" />
  <Folder Name="/src/">
    <Project Path="src/ZCrew.Extensions.CodeAnalysis.CSharp.Abstractions/ZCrew.Extensions.CodeAnalysis.CSharp.Abstractions.csproj" />
    <Project Path="src/ZCrew.Extensions.CodeAnalysis.CSharp.Embedded/ZCrew.Extensions.CodeAnalysis.CSharp.Embedded.csproj" />
    <Project Path="src/ZCrew.Extensions.CodeAnalysis.CSharp.IsType/ZCrew.Extensions.CodeAnalysis.CSharp.IsType.csproj" />
    <Project Path="src/ZCrew.Extensions.CodeAnalysis.CSharp.Testing/ZCrew.Extensions.CodeAnalysis.CSharp.Testing.csproj" />
    <Project Path="src/ZCrew.Extensions.CodeAnalysis.CSharp/ZCrew.Extensions.CodeAnalysis.CSharp.csproj" />
  </Folder>
  <Folder Name="/tests/">
    <Project Path="tests/ZCrew.Extensions.CodeAnalysis.CSharp.Embedded.IntegrationTests/ZCrew.Extensions.CodeAnalysis.CSharp.Embedded.IntegrationTests.csproj" />
    <Project Path="tests/ZCrew.Extensions.CodeAnalysis.CSharp.Embedded.SourceGeneratorTests/ZCrew.Extensions.CodeAnalysis.CSharp.Embedded.SourceGeneratorTests.csproj" />
    <Project Path="tests/ZCrew.Extensions.CodeAnalysis.CSharp.IsType.IntegrationTests/ZCrew.Extensions.CodeAnalysis.CSharp.IsType.IntegrationTests.csproj" />
    <Project Path="tests/ZCrew.Extensions.CodeAnalysis.CSharp.IsType.SourceGeneratorTests/ZCrew.Extensions.CodeAnalysis.CSharp.IsType.SourceGeneratorTests.csproj" />
    <Project Path="tests/ZCrew.Extensions.CodeAnalysis.CSharp.Testing.UnitTests/ZCrew.Extensions.CodeAnalysis.CSharp.Testing.UnitTests.csproj" />
    <Project Path="tests/ZCrew.Extensions.CodeAnalysis.CSharp.UnitTests/ZCrew.Extensions.CodeAnalysis.CSharp.UnitTests.csproj" />
  </Folder>
</Solution>
